
Microsoft Visual Studio Solution File, Format Version 12.00
# Visual Studio Version 16
VisualStudioVersion = 16.0.30114.105
MinimumVisualStudioVersion = 10.0.40219.1
Project("{FAE04EC0-301F-11D3-BF4B-00C04F79EFBC}") = "PreEnrollmentMgmt.WebApi", "PreEnrollmentMgmt.WebApi\PreEnrollmentMgmt.WebApi.csproj", "{8910DADE-DB21-496F-ACEB-3F3A8E3313C4}"
EndProject
Project("{2150E333-8FDC-42A3-9474-1A3956D46DE8}") = "src", "src", "{AE8B0569-5A70-483C-B421-70FA47022E24}"
EndProject
Project("{2150E333-8FDC-42A3-9474-1A3956D46DE8}") = "tst", "tst", "{985E9FA9-2FC2-42D3-8C69-7AEB01925799}"
EndProject
Project("{FAE04EC0-301F-11D3-BF4B-00C04F79EFBC}") = "PreEnrollmentMgmt.Core", "PreEnrollmentMgmt.Core\PreEnrollmentMgmt.Core.csproj", "{8FFF5181-5831-41BB-B4EC-8F9DB94C11C0}"
EndProject
Project("{FAE04EC0-301F-11D3-BF4B-00C04F79EFBC}") = "PreEnrollmentMgmt.DataAccess", "PreEnrollmentMgmt.DataAccess\PreEnrollmentMgmt.DataAccess.csproj", "{C1999095-F9C0-4FDE-9161-891344D86060}"
EndProject
Project("{FAE04EC0-301F-11D3-BF4B-00C04F79EFBC}") = "PreEnrollmentMgmt.Application", "PreEnrollmentMgmt.Application\PreEnrollmentMgmt.Application.csproj", "{9EA385A9-98B7-408F-9431-64DFF5C0BFB8}"
EndProject
Global
	GlobalSection(SolutionConfigurationPlatforms) = preSolution
		Debug|Any CPU = Debug|Any CPU
		Release|Any CPU = Release|Any CPU
	EndGlobalSection
	GlobalSection(SolutionProperties) = preSolution
		HideSolutionNode = FALSE
	EndGlobalSection
	GlobalSection(ProjectConfigurationPlatforms) = postSolution
		{8910DADE-DB21-496F-ACEB-3F3A8E3313C4}.Debug|Any CPU.ActiveCfg = Debug|Any CPU
		{8910DADE-DB21-496F-ACEB-3F3A8E3313C4}.Debug|Any CPU.Build.0 = Debug|Any CPU
		{8910DADE-DB21-496F-ACEB-3F3A8E3313C4}.Release|Any CPU.ActiveCfg = Release|Any CPU
		{8910DADE-DB21-496F-ACEB-3F3A8E3313C4}.Release|Any CPU.Build.0 = Release|Any CPU
		{8FFF5181-5831-41BB-B4EC-8F9DB94C11C0}.Debug|Any CPU.ActiveCfg = Debug|Any CPU
		{8FFF5181-5831-41BB-B4EC-8F9DB94C11C0}.Debug|Any CPU.Build.0 = Debug|Any CPU
		{8FFF5181-5831-41BB-B4EC-8F9DB94C11C0}.Release|Any CPU.ActiveCfg = Release|Any CPU
		{8FFF5181-5831-41BB-B4EC-8F9DB94C11C0}.Release|Any CPU.Build.0 = Release|Any CPU
		{C1999095-F9C0-4FDE-9161-891344D86060}.Debug|Any CPU.ActiveCfg = Debug|Any CPU
		{C1999095-F9C0-4FDE-9161-891344D86060}.Debug|Any CPU.Build.0 = Debug|Any CPU
		{C1999095-F9C0-4FDE-9161-891344D86060}.Release|Any CPU.ActiveCfg = Release|Any CPU
		{C1999095-F9C0-4FDE-9161-891344D86060}.Release|Any CPU.Build.0 = Release|Any CPU
		{9EA385A9-98B7-408F-9431-64DFF5C0BFB8}.Debug|Any CPU.ActiveCfg = Debug|Any CPU
		{9EA385A9-98B7-408F-9431-64DFF5C0BFB8}.Debug|Any CPU.Build.0 = Debug|Any CPU
		{9EA385A9-98B7-408F-9431-64DFF5C0BFB8}.Release|Any CPU.ActiveCfg = Release|Any CPU
		{9EA385A9-98B7-408F-9431-64DFF5C0BFB8}.Release|Any CPU.Build.0 = Release|Any CPU
	EndGlobalSection
	GlobalSection(NestedProjects) = preSolution
		{8910DADE-DB21-496F-ACEB-3F3A8E3313C4} = {AE8B0569-5A70-483C-B421-70FA47022E24}
		{8FFF5181-5831-41BB-B4EC-8F9DB94C11C0} = {AE8B0569-5A70-483C-B421-70FA47022E24}
		{C1999095-F9C0-4FDE-9161-891344D86060} = {AE8B0569-5A70-483C-B421-70FA47022E24}
		{9EA385A9-98B7-408F-9431-64DFF5C0BFB8} = {AE8B0569-5A70-483C-B421-70FA47022E24}
	EndGlobalSection
EndGlobal
